{
  "name": "zenlive2d-cat-vuepress",
  "version": "1.0.5",
  "lockfileVersion": 2,
  "requires": true,
  "packages": {
    "": {
      "name": "zenlive2d-cat-vuepress",
      "version": "1.0.5",
      "license": "MIT",
      "dependencies": {
        "vuepress-plugin-live2d-model": "^1.0.7"
      }
    },
    "node_modules/vuepress-plugin-live2d-model": {
      "version": "1.0.7",
      "resolved": "https://registry.npmjs.org/vuepress-plugin-live2d-model/-/vuepress-plugin-live2d-model-1.0.7.tgz",
      "integrity": "sha512-/8PSq45Kd8NNWGOhZVZ1Sm0tgwsBs08gJlt5wNF9DF8iOwDiio2EQLz0mmZnUMrNp6flnJJdtluAzjWkY732jA=="
    }
  },
  "dependencies": {
    "vuepress-plugin-live2d-model": {
      "version": "1.0.7",
      "resolved": "https://registry.npmjs.org/vuepress-plugin-live2d-model/-/vuepress-plugin-live2d-model-1.0.7.tgz",
      "integrity": "sha512-/8PSq45Kd8NNWGOhZVZ1Sm0tgwsBs08gJlt5wNF9DF8iOwDiio2EQLz0mmZnUMrNp6flnJJdtluAzjWkY732jA=="
    }
  }
}
